// !$*UTF8*$!
{
	archiveVersion = 1;
	classes = {
	};
	objectVersion = 56;
	objects = {

/* Begin PBXBuildFile section */
		5F5BD11B2AC282B700ED1B1B /* SwiftUICharts in Frameworks */ = {isa = PBXBuildFile; productRef = 5F5BD11A2AC282B700ED1B1B /* SwiftUICharts */; };
		5F7CDDBD2AC1CEE200952B94 /* ExpenseTrackerApp.swift in Sources */ = {isa = PBXBuildFile; fileRef = 5F7CDDBC2AC1CEE200952B94 /* ExpenseTrackerApp.swift */; };
		5F7CDDBF2AC1CEE200952B94 /* ContentView.swift in Sources */ = {isa = PBXBuildFile; fileRef = 5F7CDDBE2AC1CEE200952B94 /* ContentView.swift */; };
		5F7CDDC12AC1CEE300952B94 /* Assets.xcassets in Resources */ = {isa = PBXBuildFile; fileRef = 5F7CDDC02AC1CEE300952B94 /* Assets.xcassets */; };
		5F7CDDC42AC1CEE300952B94 /* Preview Assets.xcassets in Resources */ = {isa = PBXBuildFile; fileRef = 5F7CDDC32AC1CEE300952B94 /* Preview Assets.xcassets */; };
		5F7CDDCB2AC1D66200952B94 /* Extensions.swift in Sources */ = {isa = PBXBuildFile; fileRef = 5F7CDDCA2AC1D66200952B94 /* Extensions.swift */; };
		5F7CDDCD2AC1D84300952B94 /* TransactionModel.swift in Sources */ = {isa = PBXBuildFile; fileRef = 5F7CDDCC2AC1D84300952B94 /* TransactionModel.swift */; };
		5F7CDDCF2AC1D91300952B94 /* PreviewData.swift in Sources */ = {isa = PBXBuildFile; fileRef = 5F7CDDCE2AC1D91300952B94 /* PreviewData.swift */; };
		5F7CDDDB2AC1DAFF00952B94 /* TransactionRowView.swift in Sources */ = {isa = PBXBuildFile; fileRef = 5F7CDDDA2AC1DAFF00952B94 /* TransactionRowView.swift */; };
		5F7CDDDE2AC1DFA500952B94 /* SwiftUIFontIcon in Frameworks */ = {isa = PBXBuildFile; productRef = 5F7CDDDD2AC1DFA500952B94 /* SwiftUIFontIcon */; };
		5F7CDDE12AC1DFE800952B94 /* Algorithms in Frameworks */ = {isa = PBXBuildFile; productRef = 5F7CDDE02AC1DFE800952B94 /* Algorithms */; };
		5F7CDDE32AC1E0F200952B94 /* TransactionListViewModel.swift in Sources */ = {isa = PBXBuildFile; fileRef = 5F7CDDE22AC1E0F200952B94 /* TransactionListViewModel.swift */; };
		5F7CDDE52AC1E46E00952B94 /* RecentTransactionList.swift in Sources */ = {isa = PBXBuildFile; fileRef = 5F7CDDE42AC1E46E00952B94 /* RecentTransactionList.swift */; };
		5F7CDDE72AC1F19500952B94 /* TransactionList.swift in Sources */ = {isa = PBXBuildFile; fileRef = 5F7CDDE62AC1F19500952B94 /* TransactionList.swift */; };
		5F7CDDEA2AC20B8800952B94 /* Collections in Frameworks */ = {isa = PBXBuildFile; productRef = 5F7CDDE92AC20B8800952B94 /* Collections */; };
/* End PBXBuildFile section */

/* Begin PBXFileReference section */
		5F7CDDB92AC1CEE200952B94 /* ExpenseTracker.app */ = {isa = PBXFileReference; explicitFileType = wrapper.application; includeInIndex = 0; path = ExpenseTracker.app; sourceTree = BUILT_PRODUCTS_DIR; };
		5F7CDDBC2AC1CEE200952B94 /* ExpenseTrackerApp.swift */ = {isa = PBXFileReference; lastKnownFileType = sourcecode.swift; path = ExpenseTrackerApp.swift; sourceTree = "<group>"; };
		5F7CDDBE2AC1CEE200952B94 /* ContentView.swift */ = {isa = PBXFileReference; lastKnownFileType = sourcecode.swift; path = ContentView.swift; sourceTree = "<group>"; };
		5F7CDDC02AC1CEE300952B94 /* Assets.xcassets */ = {isa = PBXFileReference; lastKnownFileType = folder.assetcatalog; path = Assets.xcassets; sourceTree = "<group>"; };
		5F7CDDC32AC1CEE300952B94 /* Preview Assets.xcassets */ = {isa = PBXFileReference; lastKnownFileType = folder.assetcatalog; path = "Preview Assets.xcassets"; sourceTree = "<group>"; };
		5F7CDDCA2AC1D66200952B94 /* Extensions.swift */ = {isa = PBXFileReference; lastKnownFileType = sourcecode.swift; path = Extensions.swift; sourceTree = "<group>"; };
		5F7CDDCC2AC1D84300952B94 /* TransactionModel.swift */ = {isa = PBXFileReference; lastKnownFileType = sourcecode.swift; path = TransactionModel.swift; sourceTree = "<group>"; };
		5F7CDDCE2AC1D91300952B94 /* PreviewData.swift */ = {isa = PBXFileReference; lastKnownFileType = sourcecode.swift; path = PreviewData.swift; sourceTree = "<group>"; };
		5F7CDDD52AC1DA7D00952B94 /* ExpenseTrackerApp.swift */ = {isa = PBXFileReference; lastKnownFileType = sourcecode.swift; path = ExpenseTrackerApp.swift; sourceTree = "<group>"; };
		5F7CDDD92AC1DAD200952B94 /* ExpenseTrackerApp.swift */ = {isa = PBXFileReference; lastKnownFileType = sourcecode.swift; path = ExpenseTrackerApp.swift; sourceTree = "<group>"; };
		5F7CDDDA2AC1DAFF00952B94 /* TransactionRowView.swift */ = {isa = PBXFileReference; lastKnownFileType = sourcecode.swift; path = TransactionRowView.swift; sourceTree = "<group>"; };
		5F7CDDE22AC1E0F200952B94 /* TransactionListViewModel.swift */ = {isa = PBXFileReference; lastKnownFileType = sourcecode.swift; path = TransactionListViewModel.swift; sourceTree = "<group>"; };
		5F7CDDE42AC1E46E00952B94 /* RecentTransactionList.swift */ = {isa = PBXFileReference; lastKnownFileType = sourcecode.swift; path = RecentTransactionList.swift; sourceTree = "<group>"; };
		5F7CDDE62AC1F19500952B94 /* TransactionList.swift */ = {isa = PBXFileReference; lastKnownFileType = sourcecode.swift; path = TransactionList.swift; sourceTree = "<group>"; };
/* End PBXFileReference section */

/* Begin PBXFrameworksBuildPhase section */
		5F7CDDB62AC1CEE200952B94 /* Frameworks */ = {
			isa = PBXFrameworksBuildPhase;
			buildActionMask = 2147483647;
			files = (
				5F7CDDEA2AC20B8800952B94 /* Collections in Frameworks */,
				5F5BD11B2AC282B700ED1B1B /* SwiftUICharts in Frameworks */,
				5F7CDDE12AC1DFE800952B94 /* Algorithms in Frameworks */,
				5F7CDDDE2AC1DFA500952B94 /* SwiftUIFontIcon in Frameworks */,
			);
			runOnlyForDeploymentPostprocessing = 0;
		};
/* End PBXFrameworksBuildPhase section */

/* Begin PBXGroup section */
		5F5BD1162AC27B4D00ED1B1B /* Frameworks */ = {
			isa = PBXGroup;
			children = (
			);
			name = Frameworks;
			sourceTree = "<group>";
		};
		5F7CDDB02AC1CEE200952B94 = {
			isa = PBXGroup;
			children = (
				5F7CDDD52AC1DA7D00952B94 /* ExpenseTrackerApp.swift */,
				5F7CDDD92AC1DAD200952B94 /* ExpenseTrackerApp.swift */,
				5F7CDDBB2AC1CEE200952B94 /* ExpenseTracker */,
				5F7CDDBA2AC1CEE200952B94 /* Products */,
				5F5BD1162AC27B4D00ED1B1B /* Frameworks */,
			);
			sourceTree = "<group>";
		};
		5F7CDDBA2AC1CEE200952B94 /* Products */ = {
			isa = PBXGroup;
			children = (
				5F7CDDB92AC1CEE200952B94 /* ExpenseTracker.app */,
			);
			name = Products;
			sourceTree = "<group>";
		};
		5F7CDDBB2AC1CEE200952B94 /* ExpenseTracker */ = {
			isa = PBXGroup;
			children = (
				5F7CDDD02AC1DA1100952B94 /* Model */,
				5F7CDDD32AC1DA6A00952B94 /* Other */,
				5F7CDDD42AC1DA7100952B94 /* View Model */,
				5F7CDDD12AC1DA1C00952B94 /* View */,
				5F7CDDBC2AC1CEE200952B94 /* ExpenseTrackerApp.swift */,
				5F7CDDC02AC1CEE300952B94 /* Assets.xcassets */,
				5F7CDDC22AC1CEE300952B94 /* Preview Content */,
			);
			path = ExpenseTracker;
			sourceTree = "<group>";
		};
		5F7CDDC22AC1CEE300952B94 /* Preview Content */ = {
			isa = PBXGroup;
			children = (
				5F7CDDC32AC1CEE300952B94 /* Preview Assets.xcassets */,
				5F7CDDCE2AC1D91300952B94 /* PreviewData.swift */,
			);
			path = "Preview Content";
			sourceTree = "<group>";
		};
		5F7CDDD02AC1DA1100952B94 /* Model */ = {
			isa = PBXGroup;
			children = (
				5F7CDDCC2AC1D84300952B94 /* TransactionModel.swift */,
			);
			path = Model;
			sourceTree = "<group>";
		};
		5F7CDDD12AC1DA1C00952B94 /* View */ = {
			isa = PBXGroup;
			children = (
				5F7CDDBE2AC1CEE200952B94 /* ContentView.swift */,
				5F7CDDDA2AC1DAFF00952B94 /* TransactionRowView.swift */,
				5F7CDDE42AC1E46E00952B94 /* RecentTransactionList.swift */,
				5F7CDDE62AC1F19500952B94 /* TransactionList.swift */,
			);
			path = View;
			sourceTree = "<group>";
		};
		5F7CDDD32AC1DA6A00952B94 /* Other */ = {
			isa = PBXGroup;
			children = (
				5F7CDDCA2AC1D66200952B94 /* Extensions.swift */,
			);
			path = Other;
			sourceTree = "<group>";
		};
		5F7CDDD42AC1DA7100952B94 /* View Model */ = {
			isa = PBXGroup;
			children = (
				5F7CDDE22AC1E0F200952B94 /* TransactionListViewModel.swift */,
			);
			path = "View Model";
			sourceTree = "<group>";
		};
/* End PBXGroup section */

/* Begin PBXNativeTarget section */
		5F7CDDB82AC1CEE200952B94 /* ExpenseTracker */ = {
			isa = PBXNativeTarget;
			buildConfigurationList = 5F7CDDC72AC1CEE300952B94 /* Build configuration list for PBXNativeTarget "ExpenseTracker" */;
			buildPhases = (
				5F7CDDB52AC1CEE200952B94 /* Sources */,
				5F7CDDB62AC1CEE200952B94 /* Frameworks */,
				5F7CDDB72AC1CEE200952B94 /* Resources */,
			);
			buildRules = (
			);
			dependencies = (
			);
			name = ExpenseTracker;
			packageProductDependencies = (
				5F7CDDDD2AC1DFA500952B94 /* SwiftUIFontIcon */,
				5F7CDDE02AC1DFE800952B94 /* Algorithms */,
				5F7CDDE92AC20B8800952B94 /* Collections */,
				5F5BD11A2AC282B700ED1B1B /* SwiftUICharts */,
			);
			productName = ExpenseTracker;
			productReference = 5F7CDDB92AC1CEE200952B94 /* ExpenseTracker.app */;
			productType = "com.apple.product-type.application";
		};
/* End PBXNativeTarget section */

/* Begin PBXProject section */
		5F7CDDB12AC1CEE200952B94 /* Project object */ = {
			isa = PBXProject;
			attributes = {
				BuildIndependentTargetsInParallel = 1;
				LastSwiftUpdateCheck = 1400;
				LastUpgradeCheck = 1400;
				TargetAttributes = {
					5F7CDDB82AC1CEE200952B94 = {
						CreatedOnToolsVersion = 14.0;
					};
				};
			};
			buildConfigurationList = 5F7CDDB42AC1CEE200952B94 /* Build configuration list for PBXProject "ExpenseTracker" */;
			compatibilityVersion = "Xcode 14.0";
			developmentRegion = en;
			hasScannedForEncodings = 0;
			knownRegions = (
				en,
				Base,
			);
			mainGroup = 5F7CDDB02AC1CEE200952B94;
			packageReferences = (
				5F7CDDDC2AC1DFA500952B94 /* XCRemoteSwiftPackageReference "SwiftUIFontIcon" */,
				5F7CDDDF2AC1DFE800952B94 /* XCRemoteSwiftPackageReference "swift-algorithms" */,
				5F7CDDE82AC20B8800952B94 /* XCRemoteSwiftPackageReference "swift-collections" */,
				5F5BD1192AC282B700ED1B1B /* XCRemoteSwiftPackageReference "ChartView" */,
			);
			productRefGroup = 5F7CDDBA2AC1CEE200952B94 /* Products */;
			projectDirPath = "";
			projectRoot = "";
			targets = (
				5F7CDDB82AC1CEE200952B94 /* ExpenseTracker */,
			);
		};
/* End PBXProject section */

/* Begin PBXResourcesBuildPhase section */
		5F7CDDB72AC1CEE200952B94 /* Resources */ = {
			isa = PBXResourcesBuildPhase;
			buildActionMask = 2147483647;
			files = (
				5F7CDDC42AC1CEE300952B94 /* Preview Assets.xcassets in Resources */,
				5F7CDDC12AC1CEE300952B94 /* Assets.xcassets in Resources */,
			);
			runOnlyForDeploymentPostprocessing = 0;
		};
/* End PBXResourcesBuildPhase section */

/* Begin PBXSourcesBuildPhase section */
		5F7CDDB52AC1CEE200952B94 /* Sources */ = {
			isa = PBXSourcesBuildPhase;
			buildActionMask = 2147483647;
			files = (
				5F7CDDCF2AC1D91300952B94 /* PreviewData.swift in Sources */,
				5F7CDDE72AC1F19500952B94 /* TransactionList.swift in Sources */,
				5F7CDDE52AC1E46E00952B94 /* RecentTransactionList.swift in Sources */,
				5F7CDDCD2AC1D84300952B94 /* TransactionModel.swift in Sources */,
				5F7CDDDB2AC1DAFF00952B94 /* TransactionRowView.swift in Sources */,
				5F7CDDBF2AC1CEE200952B94 /* ContentView.swift in Sources */,
				5F7CDDCB2AC1D66200952B94 /* Extensions.swift in Sources */,
				5F7CDDE32AC1E0F200952B94 /* TransactionListViewModel.swift in Sources */,
				5F7CDDBD2AC1CEE200952B94 /* ExpenseTrackerApp.swift in Sources */,
			);
			runOnlyForDeploymentPostprocessing = 0;
		};
/* End PBXSourcesBuildPhase section */

/* Begin XCBuildConfiguration section */
		5F7CDDC52AC1CEE300952B94 /* Debug */ = {
			isa = XCBuildConfiguration;
			buildSettings = {
				ALWAYS_SEARCH_USER_PATHS = NO;
				CLANG_ANALYZER_NONNULL = YES;
				CLANG_ANALYZER_NUMBER_OBJECT_CONVERSION = YES_AGGRESSIVE;
				CLANG_CXX_LANGUAGE_STANDARD = "gnu++20";
				CLANG_ENABLE_MODULES = YES;
				CLANG_ENABLE_OBJC_ARC = YES;
				CLANG_ENABLE_OBJC_WEAK = YES;
				CLANG_WARN_BLOCK_CAPTURE_AUTORELEASING = YES;
				CLANG_WARN_BOOL_CONVERSION = YES;
				CLANG_WARN_COMMA = YES;
				CLANG_WARN_CONSTANT_CONVERSION = YES;
				CLANG_WARN_DEPRECATED_OBJC_IMPLEMENTATIONS = YES;
				CLANG_WARN_DIRECT_OBJC_ISA_USAGE = YES_ERROR;
				CLANG_WARN_DOCUMENTATION_COMMENTS = YES;
				CLANG_WARN_EMPTY_BODY = YES;
				CLANG_WARN_ENUM_CONVERSION = YES;
				CLANG_WARN_INFINITE_RECURSION = YES;
				CLANG_WARN_INT_CONVERSION = YES;
				CLANG_WARN_NON_LITERAL_NULL_CONVERSION = YES;
				CLANG_WARN_OBJC_IMPLICIT_RETAIN_SELF = YES;
				CLANG_WARN_OBJC_LITERAL_CONVERSION = YES;
				CLANG_WARN_OBJC_ROOT_CLASS = YES_ERROR;
				CLANG_WARN_QUOTED_INCLUDE_IN_FRAMEWORK_HEADER = YES;
				CLANG_WARN_RANGE_LOOP_ANALYSIS = YES;
				CLANG_WARN_STRICT_PROTOTYPES = YES;
				CLANG_WARN_SUSPICIOUS_MOVE = YES;
				CLANG_WARN_UNGUARDED_AVAILABILITY = YES_AGGRESSIVE;
				CLANG_WARN_UNREACHABLE_CODE = YES;
				CLANG_WARN__DUPLICATE_METHOD_MATCH = YES;
				COPY_PHASE_STRIP = NO;
				DEBUG_INFORMATION_FORMAT = dwarf;
				ENABLE_STRICT_OBJC_MSGSEND = YES;
				ENABLE_TESTABILITY = YES;
				GCC_C_LANGUAGE_STANDARD = gnu11;
				GCC_DYNAMIC_NO_PIC = NO;
				GCC_NO_COMMON_BLOCKS = YES;
				GCC_OPTIMIZATION_LEVEL = 0;
				GCC_PREPROCESSOR_DEFINITIONS = (
					"DEBUG=1",
					"$(inherited)",
				);
				GCC_WARN_64_TO_32_BIT_CONVERSION = YES;
				GCC_WARN_ABOUT_RETURN_TYPE = YES_ERROR;
				GCC_WARN_UNDECLARED_SELECTOR = YES;
				GCC_WARN_UNINITIALIZED_AUTOS = YES_AGGRESSIVE;
				GCC_WARN_UNUSED_FUNCTION = YES;
				GCC_WARN_UNUSED_VARIABLE = YES;
				IPHONEOS_DEPLOYMENT_TARGET = 16.0;
				MTL_ENABLE_DEBUG_INFO = INCLUDE_SOURCE;
				MTL_FAST_MATH = YES;
				ONLY_ACTIVE_ARCH = YES;
				SDKROOT = iphoneos;
				SWIFT_ACTIVE_COMPILATION_CONDITIONS = DEBUG;
				SWIFT_OPTIMIZATION_LEVEL = "-Onone";
			};
			name = Debug;
		};
		5F7CDDC62AC1CEE300952B94 /* Release */ = {
			isa = XCBuildConfiguration;
			buildSettings = {
				ALWAYS_SEARCH_USER_PATHS = NO;
				CLANG_ANALYZER_NONNULL = YES;
				CLANG_ANALYZER_NUMBER_OBJECT_CONVERSION = YES_AGGRESSIVE;
				CLANG_CXX_LANGUAGE_STANDARD = "gnu++20";
				CLANG_ENABLE_MODULES = YES;
				CLANG_ENABLE_OBJC_ARC = YES;
				CLANG_ENABLE_OBJC_WEAK = YES;
				CLANG_WARN_BLOCK_CAPTURE_AUTORELEASING = YES;
				CLANG_WARN_BOOL_CONVERSION = YES;
				CLANG_WARN_COMMA = YES;
				CLANG_WARN_CONSTANT_CONVERSION = YES;
				CLANG_WARN_DEPRECATED_OBJC_IMPLEMENTATIONS = YES;
				CLANG_WARN_DIRECT_OBJC_ISA_USAGE = YES_ERROR;
				CLANG_WARN_DOCUMENTATION_COMMENTS = YES;
				CLANG_WARN_EMPTY_BODY = YES;
				CLANG_WARN_ENUM_CONVERSION = YES;
				CLANG_WARN_INFINITE_RECURSION = YES;
				CLANG_WARN_INT_CONVERSION = YES;
				CLANG_WARN_NON_LITERAL_NULL_CONVERSION = YES;
				CLANG_WARN_OBJC_IMPLICIT_RETAIN_SELF = YES;
				CLANG_WARN_OBJC_LITERAL_CONVERSION = YES;
				CLANG_WARN_OBJC_ROOT_CLASS = YES_ERROR;
				CLANG_WARN_QUOTED_INCLUDE_IN_FRAMEWORK_HEADER = YES;
				CLANG_WARN_RANGE_LOOP_ANALYSIS = YES;
				CLANG_WARN_STRICT_PROTOTYPES = YES;
				CLANG_WARN_SUSPICIOUS_MOVE = YES;
				CLANG_WARN_UNGUARDED_AVAILABILITY = YES_AGGRESSIVE;
				CLANG_WARN_UNREACHABLE_CODE = YES;
				CLANG_WARN__DUPLICATE_METHOD_MATCH = YES;
				COPY_PHASE_STRIP = NO;
				DEBUG_INFORMATION_FORMAT = "dwarf-with-dsym";
				ENABLE_NS_ASSERTIONS = NO;
				ENABLE_STRICT_OBJC_MSGSEND = YES;
				GCC_C_LANGUAGE_STANDARD = gnu11;
				GCC_NO_COMMON_BLOCKS = YES;
				GCC_WARN_64_TO_32_BIT_CONVERSION = YES;
				GCC_WARN_ABOUT_RETURN_TYPE = YES_ERROR;
				GCC_WARN_UNDECLARED_SELECTOR = YES;
				GCC_WARN_UNINITIALIZED_AUTOS = YES_AGGRESSIVE;
				GCC_WARN_UNUSED_FUNCTION = YES;
				GCC_WARN_UNUSED_VARIABLE = YES;
				IPHONEOS_DEPLOYMENT_TARGET = 16.0;
				MTL_ENABLE_DEBUG_INFO = NO;
				MTL_FAST_MATH = YES;
				SDKROOT = iphoneos;
				SWIFT_COMPILATION_MODE = wholemodule;
				SWIFT_OPTIMIZATION_LEVEL = "-O";
				VALIDATE_PRODUCT = YES;
			};
			name = Release;
		};
		5F7CDDC82AC1CEE300952B94 /* Debug */ = {
			isa = XCBuildConfiguration;
			buildSettings = {
				ASSETCATALOG_COMPILER_APPICON_NAME = AppIcon;
				ASSETCATALOG_COMPILER_GLOBAL_ACCENT_COLOR_NAME = AccentColor;
				CODE_SIGN_STYLE = Automatic;
				CURRENT_PROJECT_VERSION = 1;
				DEVELOPMENT_ASSET_PATHS = "\"ExpenseTracker/Preview Content\"";
				DEVELOPMENT_TEAM = R5YMQWU747;
				ENABLE_PREVIEWS = YES;
				GENERATE_INFOPLIST_FILE = YES;
				INFOPLIST_KEY_UIApplicationSceneManifest_Generation = YES;
				INFOPLIST_KEY_UIApplicationSupportsIndirectInputEvents = YES;
				INFOPLIST_KEY_UILaunchScreen_Generation = YES;
				INFOPLIST_KEY_UISupportedInterfaceOrientations_iPad = "UIInterfaceOrientationPortrait UIInterfaceOrientationPortraitUpsideDown UIInterfaceOrientationLandscapeLeft UIInterfaceOrientationLandscapeRight";
				INFOPLIST_KEY_UISupportedInterfaceOrientations_iPhone = "UIInterfaceOrientationPortrait UIInterfaceOrientationLandscapeLeft UIInterfaceOrientationLandscapeRight";
				LD_RUNPATH_SEARCH_PATHS = (
					"$(inherited)",
					"@executable_path/Frameworks",
				);
				MARKETING_VERSION = 1.0;
				PRODUCT_BUNDLE_IDENTIFIER = "rt-utcs.ExpenseTracker";
				PRODUCT_NAME = "$(TARGET_NAME)";
				SWIFT_EMIT_LOC_STRINGS = YES;
				SWIFT_VERSION = 5.0;
				TARGETED_DEVICE_FAMILY = "1,2";
			};
			name = Debug;
		};
		5F7CDDC92AC1CEE300952B94 /* Release */ = {
			isa = XCBuildConfiguration;
			buildSettings = {
				ASSETCATALOG_COMPILER_APPICON_NAME = AppIcon;
				ASSETCATALOG_COMPILER_GLOBAL_ACCENT_COLOR_NAME = AccentColor;
				CODE_SIGN_STYLE = Automatic;
				CURRENT_PROJECT_VERSION = 1;
				DEVELOPMENT_ASSET_PATHS = "\"ExpenseTracker/Preview Content\"";
				DEVELOPMENT_TEAM = R5YMQWU747;
				ENABLE_PREVIEWS = YES;
				GENERATE_INFOPLIST_FILE = YES;
				INFOPLIST_KEY_UIApplicationSceneManifest_Generation = YES;
				INFOPLIST_KEY_UIApplicationSupportsIndirectInputEvents = YES;
				INFOPLIST_KEY_UILaunchScreen_Generation = YES;
				INFOPLIST_KEY_UISupportedInterfaceOrientations_iPad = "UIInterfaceOrientationPortrait UIInterfaceOrientationPortraitUpsideDown UIInterfaceOrientationLandscapeLeft UIInterfaceOrientationLandscapeRight";
				INFOPLIST_KEY_UISupportedInterfaceOrientations_iPhone = "UIInterfaceOrientationPortrait UIInterfaceOrientationLandscapeLeft UIInterfaceOrientationLandscapeRight";
				LD_RUNPATH_SEARCH_PATHS = (
					"$(inherited)",
					"@executable_path/Frameworks",
				);
				MARKETING_VERSION = 1.0;
				PRODUCT_BUNDLE_IDENTIFIER = "rt-utcs.ExpenseTracker";
				PRODUCT_NAME = "$(TARGET_NAME)";
				SWIFT_EMIT_LOC_STRINGS = YES;
				SWIFT_VERSION = 5.0;
				TARGETED_DEVICE_FAMILY = "1,2";
			};
			name = Release;
		};
/* End XCBuildConfiguration section */

/* Begin XCConfigurationList section */
		5F7CDDB42AC1CEE200952B94 /* Build configuration list for PBXProject "ExpenseTracker" */ = {
			isa = XCConfigurationList;
			buildConfigurations = (
				5F7CDDC52AC1CEE300952B94 /* Debug */,
				5F7CDDC62AC1CEE300952B94 /* Release */,
			);
			defaultConfigurationIsVisible = 0;
			defaultConfigurationName = Release;
		};
		5F7CDDC72AC1CEE300952B94 /* Build configuration list for PBXNativeTarget "ExpenseTracker" */ = {
			isa = XCConfigurationList;
			buildConfigurations = (
				5F7CDDC82AC1CEE300952B94 /* Debug */,
				5F7CDDC92AC1CEE300952B94 /* Release */,
			);
			defaultConfigurationIsVisible = 0;
			defaultConfigurationName = Release;
		};
/* End XCConfigurationList section */

/* Begin XCRemoteSwiftPackageReference section */
		5F5BD1192AC282B700ED1B1B /* XCRemoteSwiftPackageReference "ChartView" */ = {
			isa = XCRemoteSwiftPackageReference;
			repositoryURL = "https://github.com/AppPear/ChartView";
			requirement = {
				kind = exactVersion;
				version = "2.0.0-beta.2";
			};
		};
		5F7CDDDC2AC1DFA500952B94 /* XCRemoteSwiftPackageReference "SwiftUIFontIcon" */ = {
			isa = XCRemoteSwiftPackageReference;
			repositoryURL = "https://github.com/huybuidac/SwiftUIFontIcon";
			requirement = {
				kind = upToNextMajorVersion;
				minimumVersion = 2.0.0;
			};
		};
		5F7CDDDF2AC1DFE800952B94 /* XCRemoteSwiftPackageReference "swift-algorithms" */ = {
			isa = XCRemoteSwiftPackageReference;
			repositoryURL = "https://github.com/apple/swift-algorithms.git";
			requirement = {
				branch = main;
				kind = branch;
			};
		};
		5F7CDDE82AC20B8800952B94 /* XCRemoteSwiftPackageReference "swift-collections" */ = {
			isa = XCRemoteSwiftPackageReference;
			repositoryURL = "https://github.com/apple/swift-collections.git";
			requirement = {
				kind = upToNextMajorVersion;
				minimumVersion = 1.0.0;
			};
		};
/* End XCRemoteSwiftPackageReference section */

/* Begin XCSwiftPackageProductDependency section */
		5F5BD11A2AC282B700ED1B1B /* SwiftUICharts */ = {
			isa = XCSwiftPackageProductDependency;
			package = 5F5BD1192AC282B700ED1B1B /* XCRemoteSwiftPackageReference "ChartView" */;
			productName = SwiftUICharts;
		};
		5F7CDDDD2AC1DFA500952B94 /* SwiftUIFontIcon */ = {
			isa = XCSwiftPackageProductDependency;
			package = 5F7CDDDC2AC1DFA500952B94 /* XCRemoteSwiftPackageReference "SwiftUIFontIcon" */;
			productName = SwiftUIFontIcon;
		};
		5F7CDDE02AC1DFE800952B94 /* Algorithms */ = {
			isa = XCSwiftPackageProductDependency;
			package = 5F7CDDDF2AC1DFE800952B94 /* XCRemoteSwiftPackageReference "swift-algorithms" */;
			productName = Algorithms;
		};
		5F7CDDE92AC20B8800952B94 /* Collections */ = {
			isa = XCSwiftPackageProductDependency;
			package = 5F7CDDE82AC20B8800952B94 /* XCRemoteSwiftPackageReference "swift-collections" */;
			productName = Collections;
		};
/* End XCSwiftPackageProductDependency section */
	};
	rootObject = 5F7CDDB12AC1CEE200952B94 /* Project object */;
}
